
Microsoft Visual Studio Solution File, Format Version 12.00
# Visual Studio 14
VisualStudioVersion = 14.0.24720.0
MinimumVisualStudioVersion = 10.0.40219.1
Project("{2150E333-8FDC-42A3-9474-1A3956D46DE8}") = "PReminder.Android.Application", "PReminder.Android.Application", "{48035FF2-2290-434B-8FD3-3D6314FBAE17}"
EndProject
Project("{39E2626F-3545-4960-A6E8-258AD8476CE5}") = "PReminder.Android.Application", "PReminder\PReminder.Android.Application\PReminder.Android.Application.androidproj", "{3933E128-D0A6-407C-AC8A-CDCD240326FA}"
EndProject
Project("{8BC9CEB8-8B4A-11D0-8D11-00A0C91BC942}") = "PReminder.Android.NativeActivity", "PReminder\PReminder.Android.NativeActivity\PReminder.Android.NativeActivity.vcxproj", "{5FE3674D-3026-4836-A7D5-8B0D34F3999E}"
EndProject
Project("{2150E333-8FDC-42A3-9474-1A3956D46DE8}") = "Library", "Library", "{3BBE280F-2ED8-4DD9-A483-19A4B3F24A56}"
EndProject
Project("{8BC9CEB8-8B4A-11D0-8D11-00A0C91BC942}") = "PReminder.Shared", "PReminder\PReminder.Shared\PReminder.Shared.vcxitems", "{11099B8B-A8E1-434F-B6EE-AF15F7EFA7EA}"
EndProject
Project("{8BC9CEB8-8B4A-11D0-8D11-00A0C91BC942}") = "PReminder.Android.StaticLibrary", "PReminder\PReminder.Android.StaticLibrary\PReminder.Android.StaticLibrary.vcxproj", "{3059826C-6A2F-4675-AC39-873D2CCCB1F2}"
EndProject
Global
	GlobalSection(SharedMSBuildProjectFiles) = preSolution
		PReminder\PReminder.Shared\PReminder.Shared.vcxitems*{3059826c-6a2f-4675-ac39-873d2cccb1f2}*SharedItemsImports = 4
		PReminder\PReminder.Shared\PReminder.Shared.vcxitems*{11099b8b-a8e1-434f-b6ee-af15f7efa7ea}*SharedItemsImports = 9
	EndGlobalSection
	GlobalSection(SolutionConfigurationPlatforms) = preSolution
		Debug|ARM = Debug|ARM
		Debug|ARM64 = Debug|ARM64
		Debug|x64 = Debug|x64
		Debug|x86 = Debug|x86
		Release|ARM = Release|ARM
		Release|ARM64 = Release|ARM64
		Release|x64 = Release|x64
		Release|x86 = Release|x86
	EndGlobalSection
	GlobalSection(ProjectConfigurationPlatforms) = postSolution
		{3933E128-D0A6-407C-AC8A-CDCD240326FA}.Debug|ARM.ActiveCfg = Debug|ARM
		{3933E128-D0A6-407C-AC8A-CDCD240326FA}.Debug|ARM.Build.0 = Debug|ARM
		{3933E128-D0A6-407C-AC8A-CDCD240326FA}.Debug|ARM.Deploy.0 = Debug|ARM
		{3933E128-D0A6-407C-AC8A-CDCD240326FA}.Debug|ARM64.ActiveCfg = Debug|ARM64
		{3933E128-D0A6-407C-AC8A-CDCD240326FA}.Debug|ARM64.Build.0 = Debug|ARM64
		{3933E128-D0A6-407C-AC8A-CDCD240326FA}.Debug|ARM64.Deploy.0 = Debug|ARM64
		{3933E128-D0A6-407C-AC8A-CDCD240326FA}.Debug|x64.ActiveCfg = Debug|x64
		{3933E128-D0A6-407C-AC8A-CDCD240326FA}.Debug|x64.Build.0 = Debug|x64
		{3933E128-D0A6-407C-AC8A-CDCD240326FA}.Debug|x64.Deploy.0 = Debug|x64
		{3933E128-D0A6-407C-AC8A-CDCD240326FA}.Debug|x86.ActiveCfg = Debug|x86
		{3933E128-D0A6-407C-AC8A-CDCD240326FA}.Debug|x86.Build.0 = Debug|x86
		{3933E128-D0A6-407C-AC8A-CDCD240326FA}.Debug|x86.Deploy.0 = Debug|x86
		{3933E128-D0A6-407C-AC8A-CDCD240326FA}.Release|ARM.ActiveCfg = Release|ARM
		{3933E128-D0A6-407C-AC8A-CDCD240326FA}.Release|ARM.Build.0 = Release|ARM
		{3933E128-D0A6-407C-AC8A-CDCD240326FA}.Release|ARM.Deploy.0 = Release|ARM
		{3933E128-D0A6-407C-AC8A-CDCD240326FA}.Release|ARM64.ActiveCfg = Release|ARM64
		{3933E128-D0A6-407C-AC8A-CDCD240326FA}.Release|ARM64.Build.0 = Release|ARM64
		{3933E128-D0A6-407C-AC8A-CDCD240326FA}.Release|ARM64.Deploy.0 = Release|ARM64
		{3933E128-D0A6-407C-AC8A-CDCD240326FA}.Release|x64.ActiveCfg = Release|x64
		{3933E128-D0A6-407C-AC8A-CDCD240326FA}.Release|x64.Build.0 = Release|x64
		{3933E128-D0A6-407C-AC8A-CDCD240326FA}.Release|x64.Deploy.0 = Release|x64
		{3933E128-D0A6-407C-AC8A-CDCD240326FA}.Release|x86.ActiveCfg = Release|x86
		{3933E128-D0A6-407C-AC8A-CDCD240326FA}.Release|x86.Build.0 = Release|x86
		{3933E128-D0A6-407C-AC8A-CDCD240326FA}.Release|x86.Deploy.0 = Release|x86
		{5FE3674D-3026-4836-A7D5-8B0D34F3999E}.Debug|ARM.ActiveCfg = Debug|ARM
		{5FE3674D-3026-4836-A7D5-8B0D34F3999E}.Debug|ARM.Build.0 = Debug|ARM
		{5FE3674D-3026-4836-A7D5-8B0D34F3999E}.Debug|ARM64.ActiveCfg = Debug|ARM64
		{5FE3674D-3026-4836-A7D5-8B0D34F3999E}.Debug|ARM64.Build.0 = Debug|ARM64
		{5FE3674D-3026-4836-A7D5-8B0D34F3999E}.Debug|x64.ActiveCfg = Debug|x64
		{5FE3674D-3026-4836-A7D5-8B0D34F3999E}.Debug|x64.Build.0 = Debug|x64
		{5FE3674D-3026-4836-A7D5-8B0D34F3999E}.Debug|x86.ActiveCfg = Debug|x86
		{5FE3674D-3026-4836-A7D5-8B0D34F3999E}.Debug|x86.Build.0 = Debug|x86
		{5FE3674D-3026-4836-A7D5-8B0D34F3999E}.Release|ARM.ActiveCfg = Release|ARM
		{5FE3674D-3026-4836-A7D5-8B0D34F3999E}.Release|ARM.Build.0 = Release|ARM
		{5FE3674D-3026-4836-A7D5-8B0D34F3999E}.Release|ARM64.ActiveCfg = Release|ARM64
		{5FE3674D-3026-4836-A7D5-8B0D34F3999E}.Release|ARM64.Build.0 = Release|ARM64
		{5FE3674D-3026-4836-A7D5-8B0D34F3999E}.Release|x64.ActiveCfg = Release|x64
		{5FE3674D-3026-4836-A7D5-8B0D34F3999E}.Release|x64.Build.0 = Release|x64
		{5FE3674D-3026-4836-A7D5-8B0D34F3999E}.Release|x86.ActiveCfg = Release|x86
		{5FE3674D-3026-4836-A7D5-8B0D34F3999E}.Release|x86.Build.0 = Release|x86
		{3059826C-6A2F-4675-AC39-873D2CCCB1F2}.Debug|ARM.ActiveCfg = Debug|ARM
		{3059826C-6A2F-4675-AC39-873D2CCCB1F2}.Debug|ARM.Build.0 = Debug|ARM
		{3059826C-6A2F-4675-AC39-873D2CCCB1F2}.Debug|ARM64.ActiveCfg = Debug|ARM64
		{3059826C-6A2F-4675-AC39-873D2CCCB1F2}.Debug|ARM64.Build.0 = Debug|ARM64
		{3059826C-6A2F-4675-AC39-873D2CCCB1F2}.Debug|x64.ActiveCfg = Debug|x64
		{3059826C-6A2F-4675-AC39-873D2CCCB1F2}.Debug|x64.Build.0 = Debug|x64
		{3059826C-6A2F-4675-AC39-873D2CCCB1F2}.Debug|x86.ActiveCfg = Debug|x86
		{3059826C-6A2F-4675-AC39-873D2CCCB1F2}.Debug|x86.Build.0 = Debug|x86
		{3059826C-6A2F-4675-AC39-873D2CCCB1F2}.Release|ARM.ActiveCfg = Release|ARM
		{3059826C-6A2F-4675-AC39-873D2CCCB1F2}.Release|ARM.Build.0 = Release|ARM
		{3059826C-6A2F-4675-AC39-873D2CCCB1F2}.Release|ARM64.ActiveCfg = Release|ARM64
		{3059826C-6A2F-4675-AC39-873D2CCCB1F2}.Release|ARM64.Build.0 = Release|ARM64
		{3059826C-6A2F-4675-AC39-873D2CCCB1F2}.Release|x64.ActiveCfg = Release|x64
		{3059826C-6A2F-4675-AC39-873D2CCCB1F2}.Release|x64.Build.0 = Release|x64
		{3059826C-6A2F-4675-AC39-873D2CCCB1F2}.Release|x86.ActiveCfg = Release|x86
		{3059826C-6A2F-4675-AC39-873D2CCCB1F2}.Release|x86.Build.0 = Release|x86
	EndGlobalSection
	GlobalSection(SolutionProperties) = preSolution
		HideSolutionNode = FALSE
	EndGlobalSection
	GlobalSection(NestedProjects) = preSolution
		{3933E128-D0A6-407C-AC8A-CDCD240326FA} = {48035FF2-2290-434B-8FD3-3D6314FBAE17}
		{5FE3674D-3026-4836-A7D5-8B0D34F3999E} = {48035FF2-2290-434B-8FD3-3D6314FBAE17}
		{11099B8B-A8E1-434F-B6EE-AF15F7EFA7EA} = {3BBE280F-2ED8-4DD9-A483-19A4B3F24A56}
		{3059826C-6A2F-4675-AC39-873D2CCCB1F2} = {3BBE280F-2ED8-4DD9-A483-19A4B3F24A56}
	EndGlobalSection
EndGlobal
