<?xml version="1.0" encoding="utf-8"?>
<Project ToolsVersion="4.0" xmlns="http://schemas.microsoft.com/developer/msbuild/2003">
  <ItemGroup>
    <ClInclude Include="libpng\jni\config.h">
      <Filter>libpng</Filter>
    </ClInclude>
    <ClInclude Include="libpng\jni\png.h">
      <Filter>libpng</Filter>
    </ClInclude>
    <ClInclude Include="libpng\jni\pngconf.h">
      <Filter>libpng</Filter>
    </ClInclude>
    <ClInclude Include="libpng\jni\pngdebug.h">
      <Filter>libpng</Filter>
    </ClInclude>
    <ClInclude Include="libpng\jni\pnginfo.h">
      <Filter>libpng</Filter>
    </ClInclude>
    <ClInclude Include="libpng\jni\pnglibconf.h">
      <Filter>libpng</Filter>
    </ClInclude>
    <ClInclude Include="libpng\jni\pngprefix.h">
      <Filter>libpng</Filter>
    </ClInclude>
    <ClInclude Include="libpng\jni\pngpriv.h">
      <Filter>libpng</Filter>
    </ClInclude>
    <ClInclude Include="libpng\jni\pngstruct.h">
      <Filter>libpng</Filter>
    </ClInclude>
  </ItemGroup>
  <ItemGroup>
    <ClCompile Include="libpng\jni\png.c">
      <Filter>libpng</Filter>
    </ClCompile>
    <ClCompile Include="libpng\jni\pngerror.c">
      <Filter>libpng</Filter>
    </ClCompile>
    <ClCompile Include="libpng\jni\pngget.c">
      <Filter>libpng</Filter>
    </ClCompile>
    <ClCompile Include="libpng\jni\pngmem.c">
      <Filter>libpng</Filter>
    </ClCompile>
    <ClCompile Include="libpng\jni\pngpread.c">
      <Filter>libpng</Filter>
    </ClCompile>
    <ClCompile Include="libpng\jni\pngread.c">
      <Filter>libpng</Filter>
    </ClCompile>
    <ClCompile Include="libpng\jni\pngrio.c">
      <Filter>libpng</Filter>
    </ClCompile>
    <ClCompile Include="libpng\jni\pngrtran.c">
      <Filter>libpng</Filter>
    </ClCompile>
    <ClCompile Include="libpng\jni\pngrutil.c">
      <Filter>libpng</Filter>
    </ClCompile>
    <ClCompile Include="libpng\jni\pngset.c">
      <Filter>libpng</Filter>
    </ClCompile>
    <ClCompile Include="libpng\jni\pngtest.c">
      <Filter>libpng</Filter>
    </ClCompile>
    <ClCompile Include="libpng\jni\pngtrans.c">
      <Filter>libpng</Filter>
    </ClCompile>
    <ClCompile Include="libpng\jni\pngwio.c">
      <Filter>libpng</Filter>
    </ClCompile>
    <ClCompile Include="libpng\jni\pngwrite.c">
      <Filter>libpng</Filter>
    </ClCompile>
    <ClCompile Include="libpng\jni\pngwtran.c">
      <Filter>libpng</Filter>
    </ClCompile>
    <ClCompile Include="libpng\jni\pngwutil.c">
      <Filter>libpng</Filter>
    </ClCompile>
  </ItemGroup>
  <ItemGroup>
    <Filter Include="libpng">
      <UniqueIdentifier>{cf6136ee-2b6f-433b-bbae-bdf091c62654}</UniqueIdentifier>
    </Filter>
  </ItemGroup>
</Project>